
Microsoft Visual Studio Solution File, Format Version 12.00
# Visual Studio 15
VisualStudioVersion = 15.0.28307.421
MinimumVisualStudioVersion = 10.0.40219.1
Project("{FAE04EC0-301F-11D3-BF4B-00C04F79EFBC}") = "NQueens", "NQueens\NQueens.csproj", "{D6A5B5B4-A0FB-4E04-914C-B5EE0B7C3B1B}"
EndProject
Global
	GlobalSection(SolutionConfigurationPlatforms) = preSolution
		Debug|Any CPU = Debug|Any CPU
		Release|Any CPU = Release|Any CPU
	EndGlobalSection
	GlobalSection(ProjectConfigurationPlatforms) = postSolution
		{D6A5B5B4-A0FB-4E04-914C-B5EE0B7C3B1B}.Debug|Any CPU.ActiveCfg = Debug|Any CPU
		{D6A5B5B4-A0FB-4E04-914C-B5EE0B7C3B1B}.Debug|Any CPU.Build.0 = Debug|Any CPU
		{D6A5B5B4-A0FB-4E04-914C-B5EE0B7C3B1B}.Release|Any CPU.ActiveCfg = Release|Any CPU
		{D6A5B5B4-A0FB-4E04-914C-B5EE0B7C3B1B}.Release|Any CPU.Build.0 = Release|Any CPU
	EndGlobalSection
	GlobalSection(SolutionProperties) = preSolution
		HideSolutionNode = FALSE
	EndGlobalSection
	GlobalSection(ExtensibilityGlobals) = postSolution
		SolutionGuid = {84B17BAA-42DC-4070-9F4F-604F3D804E19}
	EndGlobalSection
EndGlobal
